{
  "requires": true,
  "lockfileVersion": 1,
  "dependencies": {
    "mock-fs": {
      "version": "4.10.4",
      "resolved": "https://registry.npmjs.org/mock-fs/-/mock-fs-4.10.4.tgz",
      "integrity": "sha512-gDfZDLaPIvtOusbusLinfx6YSe2YpQsDT8qdP41P47dQ/NQggtkHukz7hwqgt8QvMBmAv+Z6DGmXPyb5BWX2nQ=="
    }
  }
}
